
Microsoft Visual Studio Solution File, Format Version 12.00
# Visual Studio Version 17
VisualStudioVersion = 17.0.31919.166
MinimumVisualStudioVersion = 10.0.40219.1
Project("{FAE04EC0-301F-11D3-BF4B-00C04F79EFBC}") = "vfr2cfr", "vfr2cfr\vfr2cfr.csproj", "{DCD3872E-7433-4DCF-B230-DD8AF52E54B0}"
EndProject
Project("{8BC9CEB8-8B4A-11D0-8D11-00A0C91BC942}") = "vfr2cfrLib", "vfr2cfrLib\vfr2cfrLib.vcxproj", "{847090AE-3FC8-48E3-B38B-F1AF764E10AB}"
EndProject
Global
	GlobalSection(SolutionConfigurationPlatforms) = preSolution
		Debug|Any CPU = Debug|Any CPU
		Debug|x64 = Debug|x64
		Debug|x86 = Debug|x86
		Release|Any CPU = Release|Any CPU
		Release|x64 = Release|x64
		Release|x86 = Release|x86
	EndGlobalSection
	GlobalSection(ProjectConfigurationPlatforms) = postSolution
		{DCD3872E-7433-4DCF-B230-DD8AF52E54B0}.Debug|Any CPU.ActiveCfg = Debug|Any CPU
		{DCD3872E-7433-4DCF-B230-DD8AF52E54B0}.Debug|Any CPU.Build.0 = Debug|Any CPU
		{DCD3872E-7433-4DCF-B230-DD8AF52E54B0}.Debug|x64.ActiveCfg = Debug|Any CPU
		{DCD3872E-7433-4DCF-B230-DD8AF52E54B0}.Debug|x64.Build.0 = Debug|Any CPU
		{DCD3872E-7433-4DCF-B230-DD8AF52E54B0}.Debug|x86.ActiveCfg = Debug|Any CPU
		{DCD3872E-7433-4DCF-B230-DD8AF52E54B0}.Debug|x86.Build.0 = Debug|Any CPU
		{DCD3872E-7433-4DCF-B230-DD8AF52E54B0}.Release|Any CPU.ActiveCfg = Release|Any CPU
		{DCD3872E-7433-4DCF-B230-DD8AF52E54B0}.Release|Any CPU.Build.0 = Release|Any CPU
		{DCD3872E-7433-4DCF-B230-DD8AF52E54B0}.Release|x64.ActiveCfg = Release|Any CPU
		{DCD3872E-7433-4DCF-B230-DD8AF52E54B0}.Release|x64.Build.0 = Release|Any CPU
		{DCD3872E-7433-4DCF-B230-DD8AF52E54B0}.Release|x86.ActiveCfg = Release|Any CPU
		{DCD3872E-7433-4DCF-B230-DD8AF52E54B0}.Release|x86.Build.0 = Release|Any CPU
		{847090AE-3FC8-48E3-B38B-F1AF764E10AB}.Debug|Any CPU.ActiveCfg = Debug|x64
		{847090AE-3FC8-48E3-B38B-F1AF764E10AB}.Debug|Any CPU.Build.0 = Debug|x64
		{847090AE-3FC8-48E3-B38B-F1AF764E10AB}.Debug|x64.ActiveCfg = Debug|x64
		{847090AE-3FC8-48E3-B38B-F1AF764E10AB}.Debug|x64.Build.0 = Debug|x64
		{847090AE-3FC8-48E3-B38B-F1AF764E10AB}.Debug|x86.ActiveCfg = Debug|Win32
		{847090AE-3FC8-48E3-B38B-F1AF764E10AB}.Debug|x86.Build.0 = Debug|Win32
		{847090AE-3FC8-48E3-B38B-F1AF764E10AB}.Release|Any CPU.ActiveCfg = Release|x64
		{847090AE-3FC8-48E3-B38B-F1AF764E10AB}.Release|Any CPU.Build.0 = Release|x64
		{847090AE-3FC8-48E3-B38B-F1AF764E10AB}.Release|x64.ActiveCfg = Release|x64
		{847090AE-3FC8-48E3-B38B-F1AF764E10AB}.Release|x64.Build.0 = Release|x64
		{847090AE-3FC8-48E3-B38B-F1AF764E10AB}.Release|x86.ActiveCfg = Release|Win32
		{847090AE-3FC8-48E3-B38B-F1AF764E10AB}.Release|x86.Build.0 = Release|Win32
	EndGlobalSection
	GlobalSection(SolutionProperties) = preSolution
		HideSolutionNode = FALSE
	EndGlobalSection
	GlobalSection(ExtensibilityGlobals) = postSolution
		SolutionGuid = {62934E58-D6D0-46EF-A26D-604A478142BC}
	EndGlobalSection
EndGlobal
